// !$*UTF8*$!
{
	archiveVersion = 1;
	classes = {
	};
	objectVersion = 55;
	objects = {

/* Begin PBXBuildFile section */
		2BC9E4308310CB21AC158013 /* Pods_food_management.framework in Frameworks */ = {isa = PBXBuildFile; fileRef = 7C859AC98D3F5E67D4C873BF /* Pods_food_management.framework */; };
		99C2E74027028BA900B91DA8 /* exerciseViewController.swift in Sources */ = {isa = PBXBuildFile; fileRef = 99C2E73F27028BA900B91DA8 /* exerciseViewController.swift */; };
		99C2E74227029ABB00B91DA8 /* foodAddViewController.swift in Sources */ = {isa = PBXBuildFile; fileRef = 99C2E74127029ABB00B91DA8 /* foodAddViewController.swift */; };
		99C2E7442702AE6C00B91DA8 /* globalVar.swift in Sources */ = {isa = PBXBuildFile; fileRef = 99C2E7432702AE6C00B91DA8 /* globalVar.swift */; };
		99C2E7472702ECE700B91DA8 /* exerciseTableViewCell.swift in Sources */ = {isa = PBXBuildFile; fileRef = 99C2E7452702ECE700B91DA8 /* exerciseTableViewCell.swift */; };
		99C2E7482702ECE700B91DA8 /* exerciseTableViewCell.xib in Resources */ = {isa = PBXBuildFile; fileRef = 99C2E7462702ECE700B91DA8 /* exerciseTableViewCell.xib */; };
		99C2E74A270404B600B91DA8 /* exerciseAddViewController.swift in Sources */ = {isa = PBXBuildFile; fileRef = 99C2E749270404B600B91DA8 /* exerciseAddViewController.swift */; };
		99C2E7CC2705A20300B91DA8 /* Week.swift in Sources */ = {isa = PBXBuildFile; fileRef = 99C2E7CB2705A20300B91DA8 /* Week.swift */; };
		99C2E7CE2705A27E00B91DA8 /* weekViewController.swift in Sources */ = {isa = PBXBuildFile; fileRef = 99C2E7CD2705A27E00B91DA8 /* weekViewController.swift */; };
		99C2E7D12705A58F00B91DA8 /* weekTableViewCell.swift in Sources */ = {isa = PBXBuildFile; fileRef = 99C2E7CF2705A58F00B91DA8 /* weekTableViewCell.swift */; };
		99C2E7D22705A58F00B91DA8 /* weekTableViewCell.xib in Resources */ = {isa = PBXBuildFile; fileRef = 99C2E7D02705A58F00B91DA8 /* weekTableViewCell.xib */; };
		99C2E7D42705A8E300B91DA8 /* weekPlusViewController.swift in Sources */ = {isa = PBXBuildFile; fileRef = 99C2E7D32705A8E300B91DA8 /* weekPlusViewController.swift */; };
		99C2E7D62705DE5D00B91DA8 /* FoodList.swift in Sources */ = {isa = PBXBuildFile; fileRef = 99C2E7D52705DE5D00B91DA8 /* FoodList.swift */; };
		99DB50C126FF2D0F004140BD /* AppDelegate.swift in Sources */ = {isa = PBXBuildFile; fileRef = 99DB50C026FF2D0F004140BD /* AppDelegate.swift */; };
		99DB50C326FF2D0F004140BD /* SceneDelegate.swift in Sources */ = {isa = PBXBuildFile; fileRef = 99DB50C226FF2D0F004140BD /* SceneDelegate.swift */; };
		99DB50C526FF2D0F004140BD /* foodViewController.swift in Sources */ = {isa = PBXBuildFile; fileRef = 99DB50C426FF2D0F004140BD /* foodViewController.swift */; };
		99DB50C826FF2D0F004140BD /* Main.storyboard in Resources */ = {isa = PBXBuildFile; fileRef = 99DB50C626FF2D0F004140BD /* Main.storyboard */; };
		99DB50CA26FF2D11004140BD /* Assets.xcassets in Resources */ = {isa = PBXBuildFile; fileRef = 99DB50C926FF2D11004140BD /* Assets.xcassets */; };
		99DB50CD26FF2D11004140BD /* LaunchScreen.storyboard in Resources */ = {isa = PBXBuildFile; fileRef = 99DB50CB26FF2D11004140BD /* LaunchScreen.storyboard */; };
		99DB512927018710004140BD /* Food.swift in Sources */ = {isa = PBXBuildFile; fileRef = 99DB512827018710004140BD /* Food.swift */; };
		99DB512B27018726004140BD /* Exercise.swift in Sources */ = {isa = PBXBuildFile; fileRef = 99DB512A27018726004140BD /* Exercise.swift */; };
		99DB512E2701E418004140BD /* foodTableViewCell.swift in Sources */ = {isa = PBXBuildFile; fileRef = 99DB512C2701E418004140BD /* foodTableViewCell.swift */; };
		99DB512F2701E418004140BD /* foodTableViewCell.xib in Resources */ = {isa = PBXBuildFile; fileRef = 99DB512D2701E418004140BD /* foodTableViewCell.xib */; };
/* End PBXBuildFile section */

/* Begin PBXFileReference section */
		7C859AC98D3F5E67D4C873BF /* Pods_food_management.framework */ = {isa = PBXFileReference; explicitFileType = wrapper.framework; includeInIndex = 0; path = Pods_food_management.framework; sourceTree = BUILT_PRODUCTS_DIR; };
		99C2E73F27028BA900B91DA8 /* exerciseViewController.swift */ = {isa = PBXFileReference; lastKnownFileType = sourcecode.swift; path = exerciseViewController.swift; sourceTree = "<group>"; };
		99C2E74127029ABB00B91DA8 /* foodAddViewController.swift */ = {isa = PBXFileReference; lastKnownFileType = sourcecode.swift; path = foodAddViewController.swift; sourceTree = "<group>"; };
		99C2E7432702AE6C00B91DA8 /* globalVar.swift */ = {isa = PBXFileReference; lastKnownFileType = sourcecode.swift; path = globalVar.swift; sourceTree = "<group>"; };
		99C2E7452702ECE700B91DA8 /* exerciseTableViewCell.swift */ = {isa = PBXFileReference; lastKnownFileType = sourcecode.swift; path = exerciseTableViewCell.swift; sourceTree = "<group>"; };
		99C2E7462702ECE700B91DA8 /* exerciseTableViewCell.xib */ = {isa = PBXFileReference; lastKnownFileType = file.xib; path = exerciseTableViewCell.xib; sourceTree = "<group>"; };
		99C2E749270404B600B91DA8 /* exerciseAddViewController.swift */ = {isa = PBXFileReference; lastKnownFileType = sourcecode.swift; path = exerciseAddViewController.swift; sourceTree = "<group>"; };
		99C2E7CB2705A20300B91DA8 /* Week.swift */ = {isa = PBXFileReference; lastKnownFileType = sourcecode.swift; path = Week.swift; sourceTree = "<group>"; };
		99C2E7CD2705A27E00B91DA8 /* weekViewController.swift */ = {isa = PBXFileReference; lastKnownFileType = sourcecode.swift; path = weekViewController.swift; sourceTree = "<group>"; };
		99C2E7CF2705A58F00B91DA8 /* weekTableViewCell.swift */ = {isa = PBXFileReference; lastKnownFileType = sourcecode.swift; path = weekTableViewCell.swift; sourceTree = "<group>"; };
		99C2E7D02705A58F00B91DA8 /* weekTableViewCell.xib */ = {isa = PBXFileReference; lastKnownFileType = file.xib; path = weekTableViewCell.xib; sourceTree = "<group>"; };
		99C2E7D32705A8E300B91DA8 /* weekPlusViewController.swift */ = {isa = PBXFileReference; lastKnownFileType = sourcecode.swift; path = weekPlusViewController.swift; sourceTree = "<group>"; };
		99C2E7D52705DE5D00B91DA8 /* FoodList.swift */ = {isa = PBXFileReference; lastKnownFileType = sourcecode.swift; path = FoodList.swift; sourceTree = "<group>"; };
		99DB50BD26FF2D0F004140BD /* food-management.app */ = {isa = PBXFileReference; explicitFileType = wrapper.application; includeInIndex = 0; path = "food-management.app"; sourceTree = BUILT_PRODUCTS_DIR; };
		99DB50C026FF2D0F004140BD /* AppDelegate.swift */ = {isa = PBXFileReference; lastKnownFileType = sourcecode.swift; path = AppDelegate.swift; sourceTree = "<group>"; };
		99DB50C226FF2D0F004140BD /* SceneDelegate.swift */ = {isa = PBXFileReference; lastKnownFileType = sourcecode.swift; path = SceneDelegate.swift; sourceTree = "<group>"; };
		99DB50C426FF2D0F004140BD /* foodViewController.swift */ = {isa = PBXFileReference; lastKnownFileType = sourcecode.swift; path = foodViewController.swift; sourceTree = "<group>"; };
		99DB50C726FF2D0F004140BD /* Base */ = {isa = PBXFileReference; lastKnownFileType = file.storyboard; name = Base; path = Base.lproj/Main.storyboard; sourceTree = "<group>"; };
		99DB50C926FF2D11004140BD /* Assets.xcassets */ = {isa = PBXFileReference; lastKnownFileType = folder.assetcatalog; path = Assets.xcassets; sourceTree = "<group>"; };
		99DB50CC26FF2D11004140BD /* Base */ = {isa = PBXFileReference; lastKnownFileType = file.storyboard; name = Base; path = Base.lproj/LaunchScreen.storyboard; sourceTree = "<group>"; };
		99DB50CE26FF2D11004140BD /* Info.plist */ = {isa = PBXFileReference; lastKnownFileType = text.plist.xml; path = Info.plist; sourceTree = "<group>"; };
		99DB512827018710004140BD /* Food.swift */ = {isa = PBXFileReference; lastKnownFileType = sourcecode.swift; path = Food.swift; sourceTree = "<group>"; };
		99DB512A27018726004140BD /* Exercise.swift */ = {isa = PBXFileReference; lastKnownFileType = sourcecode.swift; path = Exercise.swift; sourceTree = "<group>"; };
		99DB512C2701E418004140BD /* foodTableViewCell.swift */ = {isa = PBXFileReference; lastKnownFileType = sourcecode.swift; path = foodTableViewCell.swift; sourceTree = "<group>"; };
		99DB512D2701E418004140BD /* foodTableViewCell.xib */ = {isa = PBXFileReference; lastKnownFileType = file.xib; path = foodTableViewCell.xib; sourceTree = "<group>"; };
		B8855561F0E93339FF6BC472 /* Pods-food-management.release.xcconfig */ = {isa = PBXFileReference; includeInIndex = 1; lastKnownFileType = text.xcconfig; name = "Pods-food-management.release.xcconfig"; path = "Target Support Files/Pods-food-management/Pods-food-management.release.xcconfig"; sourceTree = "<group>"; };
		E2C0FEA72A6E937129FF0287 /* Pods-food-management.debug.xcconfig */ = {isa = PBXFileReference; includeInIndex = 1; lastKnownFileType = text.xcconfig; name = "Pods-food-management.debug.xcconfig"; path = "Target Support Files/Pods-food-management/Pods-food-management.debug.xcconfig"; sourceTree = "<group>"; };
/* End PBXFileReference section */

/* Begin PBXFrameworksBuildPhase section */
		99DB50BA26FF2D0F004140BD /* Frameworks */ = {
			isa = PBXFrameworksBuildPhase;
			buildActionMask = 2147483647;
			files = (
				2BC9E4308310CB21AC158013 /* Pods_food_management.framework in Frameworks */,
			);
			runOnlyForDeploymentPostprocessing = 0;
		};
/* End PBXFrameworksBuildPhase section */

/* Begin PBXGroup section */
		735BA4E9BEB494005DE11452 /* Pods */ = {
			isa = PBXGroup;
			children = (
				E2C0FEA72A6E937129FF0287 /* Pods-food-management.debug.xcconfig */,
				B8855561F0E93339FF6BC472 /* Pods-food-management.release.xcconfig */,
			);
			path = Pods;
			sourceTree = "<group>";
		};
		893D5AF1639BCB9EFE935F13 /* Frameworks */ = {
			isa = PBXGroup;
			children = (
				7C859AC98D3F5E67D4C873BF /* Pods_food_management.framework */,
			);
			name = Frameworks;
			sourceTree = "<group>";
		};
		99DB50B426FF2D0F004140BD = {
			isa = PBXGroup;
			children = (
				99DB50BF26FF2D0F004140BD /* food-management */,
				99DB50BE26FF2D0F004140BD /* Products */,
				735BA4E9BEB494005DE11452 /* Pods */,
				893D5AF1639BCB9EFE935F13 /* Frameworks */,
			);
			sourceTree = "<group>";
		};
		99DB50BE26FF2D0F004140BD /* Products */ = {
			isa = PBXGroup;
			children = (
				99DB50BD26FF2D0F004140BD /* food-management.app */,
			);
			name = Products;
			sourceTree = "<group>";
		};
		99DB50BF26FF2D0F004140BD /* food-management */ = {
			isa = PBXGroup;
			children = (
				99DB512727018666004140BD /* Asset */,
				99DB512527018646004140BD /* App */,
				99DB512627018651004140BD /* Model */,
				99DB512427018638004140BD /* Controller */,
				99DB51232701862B004140BD /* View */,
			);
			path = "food-management";
			sourceTree = "<group>";
		};
		99DB51232701862B004140BD /* View */ = {
			isa = PBXGroup;
			children = (
				99DB50C626FF2D0F004140BD /* Main.storyboard */,
				99DB50CB26FF2D11004140BD /* LaunchScreen.storyboard */,
				99DB512C2701E418004140BD /* foodTableViewCell.swift */,
				99DB512D2701E418004140BD /* foodTableViewCell.xib */,
				99C2E7452702ECE700B91DA8 /* exerciseTableViewCell.swift */,
				99C2E7462702ECE700B91DA8 /* exerciseTableViewCell.xib */,
				99C2E7CF2705A58F00B91DA8 /* weekTableViewCell.swift */,
				99C2E7D02705A58F00B91DA8 /* weekTableViewCell.xib */,
			);
			path = View;
			sourceTree = "<group>";
		};
		99DB512427018638004140BD /* Controller */ = {
			isa = PBXGroup;
			children = (
				99DB50C426FF2D0F004140BD /* foodViewController.swift */,
				99C2E74127029ABB00B91DA8 /* foodAddViewController.swift */,
				99C2E73F27028BA900B91DA8 /* exerciseViewController.swift */,
				99C2E749270404B600B91DA8 /* exerciseAddViewController.swift */,
				99C2E7CD2705A27E00B91DA8 /* weekViewController.swift */,
				99C2E7D32705A8E300B91DA8 /* weekPlusViewController.swift */,
			);
			path = Controller;
			sourceTree = "<group>";
		};
		99DB512527018646004140BD /* App */ = {
			isa = PBXGroup;
			children = (
				99DB50C026FF2D0F004140BD /* AppDelegate.swift */,
				99DB50C226FF2D0F004140BD /* SceneDelegate.swift */,
			);
			path = App;
			sourceTree = "<group>";
		};
		99DB512627018651004140BD /* Model */ = {
			isa = PBXGroup;
			children = (
				99DB512827018710004140BD /* Food.swift */,
				99DB512A27018726004140BD /* Exercise.swift */,
				99C2E7CB2705A20300B91DA8 /* Week.swift */,
				99C2E7432702AE6C00B91DA8 /* globalVar.swift */,
				99C2E7D52705DE5D00B91DA8 /* FoodList.swift */,
			);
			path = Model;
			sourceTree = "<group>";
		};
		99DB512727018666004140BD /* Asset */ = {
			isa = PBXGroup;
			children = (
				99DB50C926FF2D11004140BD /* Assets.xcassets */,
				99DB50CE26FF2D11004140BD /* Info.plist */,
			);
			path = Asset;
			sourceTree = "<group>";
		};
/* End PBXGroup section */

/* Begin PBXNativeTarget section */
		99DB50BC26FF2D0F004140BD /* food-management */ = {
			isa = PBXNativeTarget;
			buildConfigurationList = 99DB50D126FF2D11004140BD /* Build configuration list for PBXNativeTarget "food-management" */;
			buildPhases = (
				FB75C3FF96347A3EF787B33D /* [CP] Check Pods Manifest.lock */,
				99DB50B926FF2D0F004140BD /* Sources */,
				99DB50BA26FF2D0F004140BD /* Frameworks */,
				99DB50BB26FF2D0F004140BD /* Resources */,
				6FE29F246C7B8C316C408864 /* [CP] Embed Pods Frameworks */,
			);
			buildRules = (
			);
			dependencies = (
			);
			name = "food-management";
			productName = "food-management";
			productReference = 99DB50BD26FF2D0F004140BD /* food-management.app */;
			productType = "com.apple.product-type.application";
		};
/* End PBXNativeTarget section */

/* Begin PBXProject section */
		99DB50B526FF2D0F004140BD /* Project object */ = {
			isa = PBXProject;
			attributes = {
				BuildIndependentTargetsInParallel = 1;
				LastSwiftUpdateCheck = 1300;
				LastUpgradeCheck = 1300;
				TargetAttributes = {
					99DB50BC26FF2D0F004140BD = {
						CreatedOnToolsVersion = 13.0;
					};
				};
			};
			buildConfigurationList = 99DB50B826FF2D0F004140BD /* Build configuration list for PBXProject "food-management" */;
			compatibilityVersion = "Xcode 13.0";
			developmentRegion = en;
			hasScannedForEncodings = 0;
			knownRegions = (
				en,
				Base,
			);
			mainGroup = 99DB50B426FF2D0F004140BD;
			productRefGroup = 99DB50BE26FF2D0F004140BD /* Products */;
			projectDirPath = "";
			projectRoot = "";
			targets = (
				99DB50BC26FF2D0F004140BD /* food-management */,
			);
		};
/* End PBXProject section */

/* Begin PBXResourcesBuildPhase section */
		99DB50BB26FF2D0F004140BD /* Resources */ = {
			isa = PBXResourcesBuildPhase;
			buildActionMask = 2147483647;
			files = (
				99DB50CD26FF2D11004140BD /* LaunchScreen.storyboard in Resources */,
				99DB512F2701E418004140BD /* foodTableViewCell.xib in Resources */,
				99DB50CA26FF2D11004140BD /* Assets.xcassets in Resources */,
				99C2E7482702ECE700B91DA8 /* exerciseTableViewCell.xib in Resources */,
				99DB50C826FF2D0F004140BD /* Main.storyboard in Resources */,
				99C2E7D22705A58F00B91DA8 /* weekTableViewCell.xib in Resources */,
			);
			runOnlyForDeploymentPostprocessing = 0;
		};
/* End PBXResourcesBuildPhase section */

/* Begin PBXShellScriptBuildPhase section */
		6FE29F246C7B8C316C408864 /* [CP] Embed Pods Frameworks */ = {
			isa = PBXShellScriptBuildPhase;
			buildActionMask = 2147483647;
			files = (
			);
			inputFileListPaths = (
				"${PODS_ROOT}/Target Support Files/Pods-food-management/Pods-food-management-frameworks-${CONFIGURATION}-input-files.xcfilelist",
			);
			name = "[CP] Embed Pods Frameworks";
			outputFileListPaths = (
				"${PODS_ROOT}/Target Support Files/Pods-food-management/Pods-food-management-frameworks-${CONFIGURATION}-output-files.xcfilelist",
			);
			runOnlyForDeploymentPostprocessing = 0;
			shellPath = /bin/sh;
			shellScript = "\"${PODS_ROOT}/Target Support Files/Pods-food-management/Pods-food-management-frameworks.sh\"\n";
			showEnvVarsInLog = 0;
		};
		FB75C3FF96347A3EF787B33D /* [CP] Check Pods Manifest.lock */ = {
			isa = PBXShellScriptBuildPhase;
			buildActionMask = 2147483647;
			files = (
			);
			inputFileListPaths = (
			);
			inputPaths = (
				"${PODS_PODFILE_DIR_PATH}/Podfile.lock",
				"${PODS_ROOT}/Manifest.lock",
			);
			name = "[CP] Check Pods Manifest.lock";
			outputFileListPaths = (
			);
			outputPaths = (
				"$(DERIVED_FILE_DIR)/Pods-food-management-checkManifestLockResult.txt",
			);
			runOnlyForDeploymentPostprocessing = 0;
			shellPath = /bin/sh;
			shellScript = "diff \"${PODS_PODFILE_DIR_PATH}/Podfile.lock\" \"${PODS_ROOT}/Manifest.lock\" > /dev/null\nif [ $? != 0 ] ; then\n    # print error to STDERR\n    echo \"error: The sandbox is not in sync with the Podfile.lock. Run 'pod install' or update your CocoaPods installation.\" >&2\n    exit 1\nfi\n# This output is used by Xcode 'outputs' to avoid re-running this script phase.\necho \"SUCCESS\" > \"${SCRIPT_OUTPUT_FILE_0}\"\n";
			showEnvVarsInLog = 0;
		};
/* End PBXShellScriptBuildPhase section */

/* Begin PBXSourcesBuildPhase section */
		99DB50B926FF2D0F004140BD /* Sources */ = {
			isa = PBXSourcesBuildPhase;
			buildActionMask = 2147483647;
			files = (
				99C2E74027028BA900B91DA8 /* exerciseViewController.swift in Sources */,
				99DB512B27018726004140BD /* Exercise.swift in Sources */,
				99DB50C526FF2D0F004140BD /* foodViewController.swift in Sources */,
				99C2E7CE2705A27E00B91DA8 /* weekViewController.swift in Sources */,
				99C2E7472702ECE700B91DA8 /* exerciseTableViewCell.swift in Sources */,
				99C2E7D42705A8E300B91DA8 /* weekPlusViewController.swift in Sources */,
				99DB512927018710004140BD /* Food.swift in Sources */,
				99C2E7CC2705A20300B91DA8 /* Week.swift in Sources */,
				99DB512E2701E418004140BD /* foodTableViewCell.swift in Sources */,
				99DB50C126FF2D0F004140BD /* AppDelegate.swift in Sources */,
				99C2E74227029ABB00B91DA8 /* foodAddViewController.swift in Sources */,
				99DB50C326FF2D0F004140BD /* SceneDelegate.swift in Sources */,
				99C2E74A270404B600B91DA8 /* exerciseAddViewController.swift in Sources */,
				99C2E7D62705DE5D00B91DA8 /* FoodList.swift in Sources */,
				99C2E7442702AE6C00B91DA8 /* globalVar.swift in Sources */,
				99C2E7D12705A58F00B91DA8 /* weekTableViewCell.swift in Sources */,
			);
			runOnlyForDeploymentPostprocessing = 0;
		};
/* End PBXSourcesBuildPhase section */

/* Begin PBXVariantGroup section */
		99DB50C626FF2D0F004140BD /* Main.storyboard */ = {
			isa = PBXVariantGroup;
			children = (
				99DB50C726FF2D0F004140BD /* Base */,
			);
			name = Main.storyboard;
			sourceTree = "<group>";
		};
		99DB50CB26FF2D11004140BD /* LaunchScreen.storyboard */ = {
			isa = PBXVariantGroup;
			children = (
				99DB50CC26FF2D11004140BD /* Base */,
			);
			name = LaunchScreen.storyboard;
			sourceTree = "<group>";
		};
/* End PBXVariantGroup section */

/* Begin XCBuildConfiguration section */
		99DB50CF26FF2D11004140BD /* Debug */ = {
			isa = XCBuildConfiguration;
			buildSettings = {
				ALWAYS_SEARCH_USER_PATHS = NO;
				CLANG_ANALYZER_NONNULL = YES;
				CLANG_ANALYZER_NUMBER_OBJECT_CONVERSION = YES_AGGRESSIVE;
				CLANG_CXX_LANGUAGE_STANDARD = "gnu++17";
				CLANG_CXX_LIBRARY = "libc++";
				CLANG_ENABLE_MODULES = YES;
				CLANG_ENABLE_OBJC_ARC = YES;
				CLANG_ENABLE_OBJC_WEAK = YES;
				CLANG_WARN_BLOCK_CAPTURE_AUTORELEASING = YES;
				CLANG_WARN_BOOL_CONVERSION = YES;
				CLANG_WARN_COMMA = YES;
				CLANG_WARN_CONSTANT_CONVERSION = YES;
				CLANG_WARN_DEPRECATED_OBJC_IMPLEMENTATIONS = YES;
				CLANG_WARN_DIRECT_OBJC_ISA_USAGE = YES_ERROR;
				CLANG_WARN_DOCUMENTATION_COMMENTS = YES;
				CLANG_WARN_EMPTY_BODY = YES;
				CLANG_WARN_ENUM_CONVERSION = YES;
				CLANG_WARN_INFINITE_RECURSION = YES;
				CLANG_WARN_INT_CONVERSION = YES;
				CLANG_WARN_NON_LITERAL_NULL_CONVERSION = YES;
				CLANG_WARN_OBJC_IMPLICIT_RETAIN_SELF = YES;
				CLANG_WARN_OBJC_LITERAL_CONVERSION = YES;
				CLANG_WARN_OBJC_ROOT_CLASS = YES_ERROR;
				CLANG_WARN_QUOTED_INCLUDE_IN_FRAMEWORK_HEADER = YES;
				CLANG_WARN_RANGE_LOOP_ANALYSIS = YES;
				CLANG_WARN_STRICT_PROTOTYPES = YES;
				CLANG_WARN_SUSPICIOUS_MOVE = YES;
				CLANG_WARN_UNGUARDED_AVAILABILITY = YES_AGGRESSIVE;
				CLANG_WARN_UNREACHABLE_CODE = YES;
				CLANG_WARN__DUPLICATE_METHOD_MATCH = YES;
				COPY_PHASE_STRIP = NO;
				DEBUG_INFORMATION_FORMAT = dwarf;
				ENABLE_STRICT_OBJC_MSGSEND = YES;
				ENABLE_TESTABILITY = YES;
				GCC_C_LANGUAGE_STANDARD = gnu11;
				GCC_DYNAMIC_NO_PIC = NO;
				GCC_NO_COMMON_BLOCKS = YES;
				GCC_OPTIMIZATION_LEVEL = 0;
				GCC_PREPROCESSOR_DEFINITIONS = (
					"DEBUG=1",
					"$(inherited)",
				);
				GCC_WARN_64_TO_32_BIT_CONVERSION = YES;
				GCC_WARN_ABOUT_RETURN_TYPE = YES_ERROR;
				GCC_WARN_UNDECLARED_SELECTOR = YES;
				GCC_WARN_UNINITIALIZED_AUTOS = YES_AGGRESSIVE;
				GCC_WARN_UNUSED_FUNCTION = YES;
				GCC_WARN_UNUSED_VARIABLE = YES;
				IPHONEOS_DEPLOYMENT_TARGET = 15.0;
				MTL_ENABLE_DEBUG_INFO = INCLUDE_SOURCE;
				MTL_FAST_MATH = YES;
				ONLY_ACTIVE_ARCH = YES;
				SDKROOT = iphoneos;
				SWIFT_ACTIVE_COMPILATION_CONDITIONS = DEBUG;
				SWIFT_OPTIMIZATION_LEVEL = "-Onone";
			};
			name = Debug;
		};
		99DB50D026FF2D11004140BD /* Release */ = {
			isa = XCBuildConfiguration;
			buildSettings = {
				ALWAYS_SEARCH_USER_PATHS = NO;
				CLANG_ANALYZER_NONNULL = YES;
				CLANG_ANALYZER_NUMBER_OBJECT_CONVERSION = YES_AGGRESSIVE;
				CLANG_CXX_LANGUAGE_STANDARD = "gnu++17";
				CLANG_CXX_LIBRARY = "libc++";
				CLANG_ENABLE_MODULES = YES;
				CLANG_ENABLE_OBJC_ARC = YES;
				CLANG_ENABLE_OBJC_WEAK = YES;
				CLANG_WARN_BLOCK_CAPTURE_AUTORELEASING = YES;
				CLANG_WARN_BOOL_CONVERSION = YES;
				CLANG_WARN_COMMA = YES;
				CLANG_WARN_CONSTANT_CONVERSION = YES;
				CLANG_WARN_DEPRECATED_OBJC_IMPLEMENTATIONS = YES;
				CLANG_WARN_DIRECT_OBJC_ISA_USAGE = YES_ERROR;
				CLANG_WARN_DOCUMENTATION_COMMENTS = YES;
				CLANG_WARN_EMPTY_BODY = YES;
				CLANG_WARN_ENUM_CONVERSION = YES;
				CLANG_WARN_INFINITE_RECURSION = YES;
				CLANG_WARN_INT_CONVERSION = YES;
				CLANG_WARN_NON_LITERAL_NULL_CONVERSION = YES;
				CLANG_WARN_OBJC_IMPLICIT_RETAIN_SELF = YES;
				CLANG_WARN_OBJC_LITERAL_CONVERSION = YES;
				CLANG_WARN_OBJC_ROOT_CLASS = YES_ERROR;
				CLANG_WARN_QUOTED_INCLUDE_IN_FRAMEWORK_HEADER = YES;
				CLANG_WARN_RANGE_LOOP_ANALYSIS = YES;
				CLANG_WARN_STRICT_PROTOTYPES = YES;
				CLANG_WARN_SUSPICIOUS_MOVE = YES;
				CLANG_WARN_UNGUARDED_AVAILABILITY = YES_AGGRESSIVE;
				CLANG_WARN_UNREACHABLE_CODE = YES;
				CLANG_WARN__DUPLICATE_METHOD_MATCH = YES;
				COPY_PHASE_STRIP = NO;
				DEBUG_INFORMATION_FORMAT = "dwarf-with-dsym";
				ENABLE_NS_ASSERTIONS = NO;
				ENABLE_STRICT_OBJC_MSGSEND = YES;
				GCC_C_LANGUAGE_STANDARD = gnu11;
				GCC_NO_COMMON_BLOCKS = YES;
				GCC_WARN_64_TO_32_BIT_CONVERSION = YES;
				GCC_WARN_ABOUT_RETURN_TYPE = YES_ERROR;
				GCC_WARN_UNDECLARED_SELECTOR = YES;
				GCC_WARN_UNINITIALIZED_AUTOS = YES_AGGRESSIVE;
				GCC_WARN_UNUSED_FUNCTION = YES;
				GCC_WARN_UNUSED_VARIABLE = YES;
				IPHONEOS_DEPLOYMENT_TARGET = 15.0;
				MTL_ENABLE_DEBUG_INFO = NO;
				MTL_FAST_MATH = YES;
				SDKROOT = iphoneos;
				SWIFT_COMPILATION_MODE = wholemodule;
				SWIFT_OPTIMIZATION_LEVEL = "-O";
				VALIDATE_PRODUCT = YES;
			};
			name = Release;
		};
		99DB50D226FF2D11004140BD /* Debug */ = {
			isa = XCBuildConfiguration;
			baseConfigurationReference = E2C0FEA72A6E937129FF0287 /* Pods-food-management.debug.xcconfig */;
			buildSettings = {
				ASSETCATALOG_COMPILER_APPICON_NAME = AppIcon;
				ASSETCATALOG_COMPILER_GLOBAL_ACCENT_COLOR_NAME = AccentColor;
				CODE_SIGN_STYLE = Automatic;
				CURRENT_PROJECT_VERSION = 1;
				DEVELOPMENT_TEAM = JXFMRW69P3;
				GENERATE_INFOPLIST_FILE = YES;
				INFOPLIST_FILE = "food-management/Asset/Info.plist";
				INFOPLIST_KEY_UIApplicationSupportsIndirectInputEvents = YES;
				INFOPLIST_KEY_UILaunchStoryboardName = LaunchScreen;
				INFOPLIST_KEY_UIMainStoryboardFile = Main;
				INFOPLIST_KEY_UISupportedInterfaceOrientations_iPad = "UIInterfaceOrientationPortrait UIInterfaceOrientationPortraitUpsideDown UIInterfaceOrientationLandscapeLeft UIInterfaceOrientationLandscapeRight";
				INFOPLIST_KEY_UISupportedInterfaceOrientations_iPhone = "UIInterfaceOrientationPortrait UIInterfaceOrientationLandscapeLeft UIInterfaceOrientationLandscapeRight";
				LD_RUNPATH_SEARCH_PATHS = (
					"$(inherited)",
					"@executable_path/Frameworks",
				);
				MARKETING_VERSION = 1.0;
				PRODUCT_BUNDLE_IDENTIFIER = "iOSoo.food-management";
				PRODUCT_NAME = "$(TARGET_NAME)";
				SWIFT_EMIT_LOC_STRINGS = YES;
				SWIFT_VERSION = 5.0;
				TARGETED_DEVICE_FAMILY = "1,2";
			};
			name = Debug;
		};
		99DB50D326FF2D11004140BD /* Release */ = {
			isa = XCBuildConfiguration;
			baseConfigurationReference = B8855561F0E93339FF6BC472 /* Pods-food-management.release.xcconfig */;
			buildSettings = {
				ASSETCATALOG_COMPILER_APPICON_NAME = AppIcon;
				ASSETCATALOG_COMPILER_GLOBAL_ACCENT_COLOR_NAME = AccentColor;
				CODE_SIGN_STYLE = Automatic;
				CURRENT_PROJECT_VERSION = 1;
				DEVELOPMENT_TEAM = JXFMRW69P3;
				GENERATE_INFOPLIST_FILE = YES;
				INFOPLIST_FILE = "food-management/Asset/Info.plist";
				INFOPLIST_KEY_UIApplicationSupportsIndirectInputEvents = YES;
				INFOPLIST_KEY_UILaunchStoryboardName = LaunchScreen;
				INFOPLIST_KEY_UIMainStoryboardFile = Main;
				INFOPLIST_KEY_UISupportedInterfaceOrientations_iPad = "UIInterfaceOrientationPortrait UIInterfaceOrientationPortraitUpsideDown UIInterfaceOrientationLandscapeLeft UIInterfaceOrientationLandscapeRight";
				INFOPLIST_KEY_UISupportedInterfaceOrientations_iPhone = "UIInterfaceOrientationPortrait UIInterfaceOrientationLandscapeLeft UIInterfaceOrientationLandscapeRight";
				LD_RUNPATH_SEARCH_PATHS = (
					"$(inherited)",
					"@executable_path/Frameworks",
				);
				MARKETING_VERSION = 1.0;
				PRODUCT_BUNDLE_IDENTIFIER = "iOSoo.food-management";
				PRODUCT_NAME = "$(TARGET_NAME)";
				SWIFT_EMIT_LOC_STRINGS = YES;
				SWIFT_VERSION = 5.0;
				TARGETED_DEVICE_FAMILY = "1,2";
			};
			name = Release;
		};
/* End XCBuildConfiguration section */

/* Begin XCConfigurationList section */
		99DB50B826FF2D0F004140BD /* Build configuration list for PBXProject "food-management" */ = {
			isa = XCConfigurationList;
			buildConfigurations = (
				99DB50CF26FF2D11004140BD /* Debug */,
				99DB50D026FF2D11004140BD /* Release */,
			);
			defaultConfigurationIsVisible = 0;
			defaultConfigurationName = Release;
		};
		99DB50D126FF2D11004140BD /* Build configuration list for PBXNativeTarget "food-management" */ = {
			isa = XCConfigurationList;
			buildConfigurations = (
				99DB50D226FF2D11004140BD /* Debug */,
				99DB50D326FF2D11004140BD /* Release */,
			);
			defaultConfigurationIsVisible = 0;
			defaultConfigurationName = Release;
		};
/* End XCConfigurationList section */
	};
	rootObject = 99DB50B526FF2D0F004140BD /* Project object */;
}
